
Microsoft Visual Studio Solution File, Format Version 12.00
# Visual Studio 15
VisualStudioVersion = 15.0.26730.12
MinimumVisualStudioVersion = 10.0.40219.1
Project("{FAE04EC0-301F-11D3-BF4B-00C04F79EFBC}") = "KitBox", "KitBox\KitBox.csproj", "{76737188-6BC1-461F-896D-762408086D4C}"
EndProject
Global
	GlobalSection(SolutionConfigurationPlatforms) = preSolution
		Debug|Any CPU = Debug|Any CPU
		Release|Any CPU = Release|Any CPU
	EndGlobalSection
	GlobalSection(ProjectConfigurationPlatforms) = postSolution
		{76737188-6BC1-461F-896D-762408086D4C}.Debug|Any CPU.ActiveCfg = Debug|Any CPU
		{76737188-6BC1-461F-896D-762408086D4C}.Debug|Any CPU.Build.0 = Debug|Any CPU
		{76737188-6BC1-461F-896D-762408086D4C}.Release|Any CPU.ActiveCfg = Release|Any CPU
		{76737188-6BC1-461F-896D-762408086D4C}.Release|Any CPU.Build.0 = Release|Any CPU
	EndGlobalSection
	GlobalSection(SolutionProperties) = preSolution
		HideSolutionNode = FALSE
	EndGlobalSection
	GlobalSection(ExtensibilityGlobals) = postSolution
		SolutionGuid = {C341D5E3-764E-477B-8B0B-2D40DA8573C8}
	EndGlobalSection
EndGlobal
