
Microsoft Visual Studio Solution File, Format Version 12.00
# Visual Studio 15
VisualStudioVersion = 15.0.27130.2027
MinimumVisualStudioVersion = 10.0.40219.1
Project("{FAE04EC0-301F-11D3-BF4B-00C04F79EFBC}") = "KitBox", "KitBox\KitBox.csproj", "{1361174F-8925-4330-9967-F6304D6605BE}"
EndProject
Global
	GlobalSection(SolutionConfigurationPlatforms) = preSolution
		Debug|Any CPU = Debug|Any CPU
		Release|Any CPU = Release|Any CPU
	EndGlobalSection
	GlobalSection(ProjectConfigurationPlatforms) = postSolution
		{1361174F-8925-4330-9967-F6304D6605BE}.Debug|Any CPU.ActiveCfg = Debug|Any CPU
		{1361174F-8925-4330-9967-F6304D6605BE}.Debug|Any CPU.Build.0 = Debug|Any CPU
		{1361174F-8925-4330-9967-F6304D6605BE}.Release|Any CPU.ActiveCfg = Release|Any CPU
		{1361174F-8925-4330-9967-F6304D6605BE}.Release|Any CPU.Build.0 = Release|Any CPU
	EndGlobalSection
	GlobalSection(SolutionProperties) = preSolution
		HideSolutionNode = FALSE
	EndGlobalSection
	GlobalSection(ExtensibilityGlobals) = postSolution
		SolutionGuid = {752EB0A5-F0BD-489C-A64A-615617837FAD}
	EndGlobalSection
EndGlobal
